
Microsoft Visual Studio Solution File, Format Version 12.00
# Visual Studio 2013
VisualStudioVersion = 12.0.31101.0
MinimumVisualStudioVersion = 10.0.40219.1
Project("{2150E333-8FDC-42A3-9474-1A3956D46DE8}") = "Data", "Data", "{F048863C-FDF8-49AD-906E-FCC4F24C791A}"
EndProject
Project("{2150E333-8FDC-42A3-9474-1A3956D46DE8}") = "Logic", "Logic", "{F0BC3E5B-22A7-4444-9666-D41FE5958240}"
EndProject
Project("{2150E333-8FDC-42A3-9474-1A3956D46DE8}") = "Web", "Web", "{49216B11-B8B0-4316-A82B-2949FA0A5870}"
EndProject
Project("{FAE04EC0-301F-11D3-BF4B-00C04F79EFBC}") = "LightSurvey.Commom", "LightSurvey.Commom\LightSurvey.Commom.csproj", "{94FA831B-1C61-4711-AB42-70FD8DE91A23}"
EndProject
Project("{FAE04EC0-301F-11D3-BF4B-00C04F79EFBC}") = "LightSurvey.Data.Models", "Data\LightSurvey.Data.Models\LightSurvey.Data.Models.csproj", "{96F8C43A-AF16-4D57-B503-7F92ABA21489}"
EndProject
Project("{FAE04EC0-301F-11D3-BF4B-00C04F79EFBC}") = "LightSurvey.Data", "Data\LightSurvey.Data\LightSurvey.Data.csproj", "{BBB72F63-C594-4598-9C40-075A3C056FB3}"
	ProjectSection(ProjectDependencies) = postProject
		{96F8C43A-AF16-4D57-B503-7F92ABA21489} = {96F8C43A-AF16-4D57-B503-7F92ABA21489}
	EndProjectSection
EndProject
Project("{FAE04EC0-301F-11D3-BF4B-00C04F79EFBC}") = "LightSurvey.Web", "Web\LightSurvey.Web\LightSurvey.Web.csproj", "{B41FD56B-78CE-4C78-87B8-EC9AFA1D1C27}"
	ProjectSection(ProjectDependencies) = postProject
		{96F8C43A-AF16-4D57-B503-7F92ABA21489} = {96F8C43A-AF16-4D57-B503-7F92ABA21489}
		{BBB72F63-C594-4598-9C40-075A3C056FB3} = {BBB72F63-C594-4598-9C40-075A3C056FB3}
	EndProjectSection
EndProject
Global
	GlobalSection(SolutionConfigurationPlatforms) = preSolution
		Debug|Any CPU = Debug|Any CPU
		Release|Any CPU = Release|Any CPU
	EndGlobalSection
	GlobalSection(ProjectConfigurationPlatforms) = postSolution
		{94FA831B-1C61-4711-AB42-70FD8DE91A23}.Debug|Any CPU.ActiveCfg = Debug|Any CPU
		{94FA831B-1C61-4711-AB42-70FD8DE91A23}.Debug|Any CPU.Build.0 = Debug|Any CPU
		{94FA831B-1C61-4711-AB42-70FD8DE91A23}.Release|Any CPU.ActiveCfg = Release|Any CPU
		{94FA831B-1C61-4711-AB42-70FD8DE91A23}.Release|Any CPU.Build.0 = Release|Any CPU
		{96F8C43A-AF16-4D57-B503-7F92ABA21489}.Debug|Any CPU.ActiveCfg = Debug|Any CPU
		{96F8C43A-AF16-4D57-B503-7F92ABA21489}.Debug|Any CPU.Build.0 = Debug|Any CPU
		{96F8C43A-AF16-4D57-B503-7F92ABA21489}.Release|Any CPU.ActiveCfg = Release|Any CPU
		{96F8C43A-AF16-4D57-B503-7F92ABA21489}.Release|Any CPU.Build.0 = Release|Any CPU
		{BBB72F63-C594-4598-9C40-075A3C056FB3}.Debug|Any CPU.ActiveCfg = Debug|Any CPU
		{BBB72F63-C594-4598-9C40-075A3C056FB3}.Debug|Any CPU.Build.0 = Debug|Any CPU
		{BBB72F63-C594-4598-9C40-075A3C056FB3}.Release|Any CPU.ActiveCfg = Release|Any CPU
		{BBB72F63-C594-4598-9C40-075A3C056FB3}.Release|Any CPU.Build.0 = Release|Any CPU
		{B41FD56B-78CE-4C78-87B8-EC9AFA1D1C27}.Debug|Any CPU.ActiveCfg = Debug|Any CPU
		{B41FD56B-78CE-4C78-87B8-EC9AFA1D1C27}.Debug|Any CPU.Build.0 = Debug|Any CPU
		{B41FD56B-78CE-4C78-87B8-EC9AFA1D1C27}.Release|Any CPU.ActiveCfg = Release|Any CPU
		{B41FD56B-78CE-4C78-87B8-EC9AFA1D1C27}.Release|Any CPU.Build.0 = Release|Any CPU
	EndGlobalSection
	GlobalSection(SolutionProperties) = preSolution
		HideSolutionNode = FALSE
	EndGlobalSection
	GlobalSection(NestedProjects) = preSolution
		{96F8C43A-AF16-4D57-B503-7F92ABA21489} = {F048863C-FDF8-49AD-906E-FCC4F24C791A}
		{BBB72F63-C594-4598-9C40-075A3C056FB3} = {F048863C-FDF8-49AD-906E-FCC4F24C791A}
		{B41FD56B-78CE-4C78-87B8-EC9AFA1D1C27} = {49216B11-B8B0-4316-A82B-2949FA0A5870}
	EndGlobalSection
EndGlobal
